{
  "name": "@qavajs/validation",
  "version": "0.7.0",
  "lockfileVersion": 3,
  "requires": true,
  "packages": {
    "": {
      "name": "@qavajs/validation",
      "version": "0.7.0",
      "license": "MIT",
      "dependencies": {
        "ajv": "^8.12.0",
        "chai": "^4.3.10"
      },
      "devDependencies": {
        "@types/chai": "^4.3.11",
        "@vitest/coverage-v8": "^0.34.6",
        "typescript": "^5.3.2",
        "vitest": "^0.34.6"
      }
    },
    "node_modules/@ampproject/remapping": {
      "version": "2.2.1",
      "dev": true,
      "license": "Apache-2.0",
      "dependencies": {
        "@jridgewell/gen-mapping": "^0.3.0",
        "@jridgewell/trace-mapping": "^0.3.9"
      },
      "engines": {
        "node": ">=6.0.0"
      }
    },
    "node_modules/@bcoe/v8-coverage": {
      "version": "0.2.3",
      "dev": true,
      "license": "MIT"
    },
    "node_modules/@esbuild/darwin-x64": {
      "version": "0.19.7",
      "cpu": [
        "x64"
      ],
      "dev": true,
      "license": "MIT",
      "optional": true,
      "os": [
        "darwin"
      ],
      "engines": {
        "node": ">=12"
      }
    },
    "node_modules/@istanbuljs/schema": {
      "version": "0.1.3",
      "dev": true,
      "license": "MIT",
      "engines": {
        "node": ">=8"
      }
    },
    "node_modules/@jest/schemas": {
      "version": "29.6.3",
      "dev": true,
      "license": "MIT",
      "dependencies": {
        "@sinclair/typebox": "^0.27.8"
      },
      "engines": {
        "node": "^14.15.0 || ^16.10.0 || >=18.0.0"
      }
    },
    "node_modules/@jridgewell/gen-mapping": {
      "version": "0.3.3",
      "dev": true,
      "license": "MIT",
      "dependencies": {
        "@jridgewell/set-array": "^1.0.1",
        "@jridgewell/sourcemap-codec": "^1.4.10",
        "@jridgewell/trace-mapping": "^0.3.9"
      },
      "engines": {
        "node": ">=6.0.0"
      }
    },
    "node_modules/@jridgewell/resolve-uri": {
      "version": "3.1.0",
      "dev": true,
      "license": "MIT",
      "engines": {
        "node": ">=6.0.0"
      }
    },
    "node_modules/@jridgewell/set-array": {
      "version": "1.1.2",
      "dev": true,
      "license": "MIT",
      "engines": {
        "node": ">=6.0.0"
      }
    },
    "node_modules/@jridgewell/sourcemap-codec": {
      "version": "1.4.14",
      "dev": true,
      "license": "MIT"
    },
    "node_modules/@jridgewell/trace-mapping": {
      "version": "0.3.18",
      "dev": true,
      "license": "MIT",
      "dependencies": {
        "@jridgewell/resolve-uri": "3.1.0",
        "@jridgewell/sourcemap-codec": "1.4.14"
      }
    },
    "node_modules/@rollup/rollup-darwin-x64": {
      "version": "4.5.2",
      "cpu": [
        "x64"
      ],
      "dev": true,
      "license": "MIT",
      "optional": true,
      "os": [
        "darwin"
      ]
    },
    "node_modules/@sinclair/typebox": {
      "version": "0.27.8",
      "dev": true,
      "license": "MIT"
    },
    "node_modules/@types/chai": {
      "version": "4.3.11",
      "dev": true,
      "license": "MIT"
    },
    "node_modules/@types/chai-subset": {
      "version": "1.3.5",
      "dev": true,
      "license": "MIT",
      "dependencies": {
        "@types/chai": "*"
      }
    },
    "node_modules/@types/istanbul-lib-coverage": {
      "version": "2.0.4",
      "dev": true,
      "license": "MIT"
    },
    "node_modules/@types/node": {
      "version": "18.15.3",
      "dev": true,
      "license": "MIT"
    },
    "node_modules/@vitest/coverage-v8": {
      "version": "0.34.6",
      "dev": true,
      "license": "MIT",
      "dependencies": {
        "@ampproject/remapping": "^2.2.1",
        "@bcoe/v8-coverage": "^0.2.3",
        "istanbul-lib-coverage": "^3.2.0",
        "istanbul-lib-report": "^3.0.1",
        "istanbul-lib-source-maps": "^4.0.1",
        "istanbul-reports": "^3.1.5",
        "magic-string": "^0.30.1",
        "picocolors": "^1.0.0",
        "std-env": "^3.3.3",
        "test-exclude": "^6.0.0",
        "v8-to-istanbul": "^9.1.0"
      },
      "funding": {
        "url": "https://opencollective.com/vitest"
      },
      "peerDependencies": {
        "vitest": ">=0.32.0 <1"
      }
    },
    "node_modules/@vitest/expect": {
      "version": "0.34.6",
      "dev": true,
      "license": "MIT",
      "dependencies": {
        "@vitest/spy": "0.34.6",
        "@vitest/utils": "0.34.6",
        "chai": "^4.3.10"
      },
      "funding": {
        "url": "https://opencollective.com/vitest"
      }
    },
    "node_modules/@vitest/runner": {
      "version": "0.34.6",
      "dev": true,
      "license": "MIT",
      "dependencies": {
        "@vitest/utils": "0.34.6",
        "p-limit": "^4.0.0",
        "pathe": "^1.1.1"
      },
      "funding": {
        "url": "https://opencollective.com/vitest"
      }
    },
    "node_modules/@vitest/runner/node_modules/p-limit": {
      "version": "4.0.0",
      "dev": true,
      "license": "MIT",
      "dependencies": {
        "yocto-queue": "^1.0.0"
      },
      "engines": {
        "node": "^12.20.0 || ^14.13.1 || >=16.0.0"
      },
      "funding": {
        "url": "https://github.com/sponsors/sindresorhus"
      }
    },
    "node_modules/@vitest/runner/node_modules/yocto-queue": {
      "version": "1.0.0",
      "dev": true,
      "license": "MIT",
      "engines": {
        "node": ">=12.20"
      },
      "funding": {
        "url": "https://github.com/sponsors/sindresorhus"
      }
    },
    "node_modules/@vitest/snapshot": {
      "version": "0.34.6",
      "dev": true,
      "license": "MIT",
      "dependencies": {
        "magic-string": "^0.30.1",
        "pathe": "^1.1.1",
        "pretty-format": "^29.5.0"
      },
      "funding": {
        "url": "https://opencollective.com/vitest"
      }
    },
    "node_modules/@vitest/spy": {
      "version": "0.34.6",
      "dev": true,
      "license": "MIT",
      "dependencies": {
        "tinyspy": "^2.1.1"
      },
      "funding": {
        "url": "https://opencollective.com/vitest"
      }
    },
    "node_modules/@vitest/utils": {
      "version": "0.34.6",
      "dev": true,
      "license": "MIT",
      "dependencies": {
        "diff-sequences": "^29.4.3",
        "loupe": "^2.3.6",
        "pretty-format": "^29.5.0"
      },
      "funding": {
        "url": "https://opencollective.com/vitest"
      }
    },
    "node_modules/acorn": {
      "version": "8.11.2",
      "dev": true,
      "license": "MIT",
      "bin": {
        "acorn": "bin/acorn"
      },
      "engines": {
        "node": ">=0.4.0"
      }
    },
    "node_modules/acorn-walk": {
      "version": "8.3.0",
      "dev": true,
      "license": "MIT",
      "engines": {
        "node": ">=0.4.0"
      }
    },
    "node_modules/ajv": {
      "version": "8.12.0",
      "license": "MIT",
      "dependencies": {
        "fast-deep-equal": "^3.1.1",
        "json-schema-traverse": "^1.0.0",
        "require-from-string": "^2.0.2",
        "uri-js": "^4.2.2"
      },
      "funding": {
        "type": "github",
        "url": "https://github.com/sponsors/epoberezkin"
      }
    },
    "node_modules/assertion-error": {
      "version": "1.1.0",
      "license": "MIT",
      "engines": {
        "node": "*"
      }
    },
    "node_modules/balanced-match": {
      "version": "1.0.2",
      "dev": true,
      "license": "MIT"
    },
    "node_modules/brace-expansion": {
      "version": "1.1.11",
      "dev": true,
      "license": "MIT",
      "dependencies": {
        "balanced-match": "^1.0.0",
        "concat-map": "0.0.1"
      }
    },
    "node_modules/cac": {
      "version": "6.7.14",
      "dev": true,
      "license": "MIT",
      "engines": {
        "node": ">=8"
      }
    },
    "node_modules/chai": {
      "version": "4.3.10",
      "license": "MIT",
      "dependencies": {
        "assertion-error": "^1.1.0",
        "check-error": "^1.0.3",
        "deep-eql": "^4.1.3",
        "get-func-name": "^2.0.2",
        "loupe": "^2.3.6",
        "pathval": "^1.1.1",
        "type-detect": "^4.0.8"
      },
      "engines": {
        "node": ">=4"
      }
    },
    "node_modules/check-error": {
      "version": "1.0.3",
      "license": "MIT",
      "dependencies": {
        "get-func-name": "^2.0.2"
      },
      "engines": {
        "node": "*"
      }
    },
    "node_modules/concat-map": {
      "version": "0.0.1",
      "dev": true,
      "license": "MIT"
    },
    "node_modules/convert-source-map": {
      "version": "2.0.0",
      "dev": true,
      "license": "MIT"
    },
    "node_modules/debug": {
      "version": "4.3.4",
      "dev": true,
      "license": "MIT",
      "dependencies": {
        "ms": "2.1.2"
      },
      "engines": {
        "node": ">=6.0"
      },
      "peerDependenciesMeta": {
        "supports-color": {
          "optional": true
        }
      }
    },
    "node_modules/deep-eql": {
      "version": "4.1.3",
      "license": "MIT",
      "dependencies": {
        "type-detect": "^4.0.0"
      },
      "engines": {
        "node": ">=6"
      }
    },
    "node_modules/diff-sequences": {
      "version": "29.6.3",
      "dev": true,
      "license": "MIT",
      "engines": {
        "node": "^14.15.0 || ^16.10.0 || >=18.0.0"
      }
    },
    "node_modules/esbuild": {
      "version": "0.19.7",
      "dev": true,
      "hasInstallScript": true,
      "license": "MIT",
      "bin": {
        "esbuild": "bin/esbuild"
      },
      "engines": {
        "node": ">=12"
      },
      "optionalDependencies": {
        "@esbuild/android-arm": "0.19.7",
        "@esbuild/android-arm64": "0.19.7",
        "@esbuild/android-x64": "0.19.7",
        "@esbuild/darwin-arm64": "0.19.7",
        "@esbuild/darwin-x64": "0.19.7",
        "@esbuild/freebsd-arm64": "0.19.7",
        "@esbuild/freebsd-x64": "0.19.7",
        "@esbuild/linux-arm": "0.19.7",
        "@esbuild/linux-arm64": "0.19.7",
        "@esbuild/linux-ia32": "0.19.7",
        "@esbuild/linux-loong64": "0.19.7",
        "@esbuild/linux-mips64el": "0.19.7",
        "@esbuild/linux-ppc64": "0.19.7",
        "@esbuild/linux-riscv64": "0.19.7",
        "@esbuild/linux-s390x": "0.19.7",
        "@esbuild/linux-x64": "0.19.7",
        "@esbuild/netbsd-x64": "0.19.7",
        "@esbuild/openbsd-x64": "0.19.7",
        "@esbuild/sunos-x64": "0.19.7",
        "@esbuild/win32-arm64": "0.19.7",
        "@esbuild/win32-ia32": "0.19.7",
        "@esbuild/win32-x64": "0.19.7"
      }
    },
    "node_modules/fast-deep-equal": {
      "version": "3.1.3",
      "license": "MIT"
    },
    "node_modules/fs.realpath": {
      "version": "1.0.0",
      "dev": true,
      "license": "ISC"
    },
    "node_modules/fsevents": {
      "version": "2.3.3",
      "dev": true,
      "license": "MIT",
      "optional": true,
      "os": [
        "darwin"
      ],
      "engines": {
        "node": "^8.16.0 || ^10.6.0 || >=11.0.0"
      }
    },
    "node_modules/get-func-name": {
      "version": "2.0.2",
      "license": "MIT",
      "engines": {
        "node": "*"
      }
    },
    "node_modules/glob": {
      "version": "7.2.3",
      "dev": true,
      "license": "ISC",
      "dependencies": {
        "fs.realpath": "^1.0.0",
        "inflight": "^1.0.4",
        "inherits": "2",
        "minimatch": "^3.1.1",
        "once": "^1.3.0",
        "path-is-absolute": "^1.0.0"
      },
      "engines": {
        "node": "*"
      },
      "funding": {
        "url": "https://github.com/sponsors/isaacs"
      }
    },
    "node_modules/has-flag": {
      "version": "4.0.0",
      "dev": true,
      "license": "MIT",
      "engines": {
        "node": ">=8"
      }
    },
    "node_modules/html-escaper": {
      "version": "2.0.2",
      "dev": true,
      "license": "MIT"
    },
    "node_modules/inflight": {
      "version": "1.0.6",
      "dev": true,
      "license": "ISC",
      "dependencies": {
        "once": "^1.3.0",
        "wrappy": "1"
      }
    },
    "node_modules/inherits": {
      "version": "2.0.4",
      "dev": true,
      "license": "ISC"
    },
    "node_modules/istanbul-lib-coverage": {
      "version": "3.2.0",
      "dev": true,
      "license": "BSD-3-Clause",
      "engines": {
        "node": ">=8"
      }
    },
    "node_modules/istanbul-lib-report": {
      "version": "3.0.1",
      "dev": true,
      "license": "BSD-3-Clause",
      "dependencies": {
        "istanbul-lib-coverage": "^3.0.0",
        "make-dir": "^4.0.0",
        "supports-color": "^7.1.0"
      },
      "engines": {
        "node": ">=10"
      }
    },
    "node_modules/istanbul-lib-source-maps": {
      "version": "4.0.1",
      "dev": true,
      "license": "BSD-3-Clause",
      "dependencies": {
        "debug": "^4.1.1",
        "istanbul-lib-coverage": "^3.0.0",
        "source-map": "^0.6.1"
      },
      "engines": {
        "node": ">=10"
      }
    },
    "node_modules/istanbul-reports": {
      "version": "3.1.6",
      "dev": true,
      "license": "BSD-3-Clause",
      "dependencies": {
        "html-escaper": "^2.0.0",
        "istanbul-lib-report": "^3.0.0"
      },
      "engines": {
        "node": ">=8"
      }
    },
    "node_modules/json-schema-traverse": {
      "version": "1.0.0",
      "license": "MIT"
    },
    "node_modules/jsonc-parser": {
      "version": "3.2.0",
      "dev": true,
      "license": "MIT"
    },
    "node_modules/local-pkg": {
      "version": "0.4.3",
      "dev": true,
      "license": "MIT",
      "engines": {
        "node": ">=14"
      },
      "funding": {
        "url": "https://github.com/sponsors/antfu"
      }
    },
    "node_modules/loupe": {
      "version": "2.3.6",
      "license": "MIT",
      "dependencies": {
        "get-func-name": "^2.0.0"
      }
    },
    "node_modules/lru-cache": {
      "version": "6.0.0",
      "dev": true,
      "license": "ISC",
      "dependencies": {
        "yallist": "^4.0.0"
      },
      "engines": {
        "node": ">=10"
      }
    },
    "node_modules/magic-string": {
      "version": "0.30.5",
      "dev": true,
      "license": "MIT",
      "dependencies": {
        "@jridgewell/sourcemap-codec": "^1.4.15"
      },
      "engines": {
        "node": ">=12"
      }
    },
    "node_modules/magic-string/node_modules/@jridgewell/sourcemap-codec": {
      "version": "1.4.15",
      "dev": true,
      "license": "MIT"
    },
    "node_modules/make-dir": {
      "version": "4.0.0",
      "dev": true,
      "license": "MIT",
      "dependencies": {
        "semver": "^7.5.3"
      },
      "engines": {
        "node": ">=10"
      },
      "funding": {
        "url": "https://github.com/sponsors/sindresorhus"
      }
    },
    "node_modules/make-dir/node_modules/semver": {
      "version": "7.5.4",
      "dev": true,
      "license": "ISC",
      "dependencies": {
        "lru-cache": "^6.0.0"
      },
      "bin": {
        "semver": "bin/semver.js"
      },
      "engines": {
        "node": ">=10"
      }
    },
    "node_modules/minimatch": {
      "version": "3.1.2",
      "dev": true,
      "license": "ISC",
      "dependencies": {
        "brace-expansion": "^1.1.7"
      },
      "engines": {
        "node": "*"
      }
    },
    "node_modules/mlly": {
      "version": "1.4.2",
      "dev": true,
      "license": "MIT",
      "dependencies": {
        "acorn": "^8.10.0",
        "pathe": "^1.1.1",
        "pkg-types": "^1.0.3",
        "ufo": "^1.3.0"
      }
    },
    "node_modules/ms": {
      "version": "2.1.2",
      "dev": true,
      "license": "MIT"
    },
    "node_modules/nanoid": {
      "version": "3.3.7",
      "dev": true,
      "funding": [
        {
          "type": "github",
          "url": "https://github.com/sponsors/ai"
        }
      ],
      "license": "MIT",
      "bin": {
        "nanoid": "bin/nanoid.cjs"
      },
      "engines": {
        "node": "^10 || ^12 || ^13.7 || ^14 || >=15.0.1"
      }
    },
    "node_modules/once": {
      "version": "1.4.0",
      "dev": true,
      "license": "ISC",
      "dependencies": {
        "wrappy": "1"
      }
    },
    "node_modules/path-is-absolute": {
      "version": "1.0.1",
      "dev": true,
      "license": "MIT",
      "engines": {
        "node": ">=0.10.0"
      }
    },
    "node_modules/pathe": {
      "version": "1.1.1",
      "dev": true,
      "license": "MIT"
    },
    "node_modules/pathval": {
      "version": "1.1.1",
      "license": "MIT",
      "engines": {
        "node": "*"
      }
    },
    "node_modules/picocolors": {
      "version": "1.0.0",
      "dev": true,
      "license": "ISC"
    },
    "node_modules/pkg-types": {
      "version": "1.0.3",
      "dev": true,
      "license": "MIT",
      "dependencies": {
        "jsonc-parser": "^3.2.0",
        "mlly": "^1.2.0",
        "pathe": "^1.1.0"
      }
    },
    "node_modules/postcss": {
      "version": "8.4.31",
      "dev": true,
      "funding": [
        {
          "type": "opencollective",
          "url": "https://opencollective.com/postcss/"
        },
        {
          "type": "tidelift",
          "url": "https://tidelift.com/funding/github/npm/postcss"
        },
        {
          "type": "github",
          "url": "https://github.com/sponsors/ai"
        }
      ],
      "license": "MIT",
      "dependencies": {
        "nanoid": "^3.3.6",
        "picocolors": "^1.0.0",
        "source-map-js": "^1.0.2"
      },
      "engines": {
        "node": "^10 || ^12 || >=14"
      }
    },
    "node_modules/pretty-format": {
      "version": "29.7.0",
      "dev": true,
      "license": "MIT",
      "dependencies": {
        "@jest/schemas": "^29.6.3",
        "ansi-styles": "^5.0.0",
        "react-is": "^18.0.0"
      },
      "engines": {
        "node": "^14.15.0 || ^16.10.0 || >=18.0.0"
      }
    },
    "node_modules/pretty-format/node_modules/ansi-styles": {
      "version": "5.2.0",
      "dev": true,
      "license": "MIT",
      "engines": {
        "node": ">=10"
      },
      "funding": {
        "url": "https://github.com/chalk/ansi-styles?sponsor=1"
      }
    },
    "node_modules/punycode": {
      "version": "2.3.0",
      "license": "MIT",
      "engines": {
        "node": ">=6"
      }
    },
    "node_modules/react-is": {
      "version": "18.2.0",
      "dev": true,
      "license": "MIT"
    },
    "node_modules/require-from-string": {
      "version": "2.0.2",
      "license": "MIT",
      "engines": {
        "node": ">=0.10.0"
      }
    },
    "node_modules/rollup": {
      "version": "4.5.2",
      "dev": true,
      "license": "MIT",
      "bin": {
        "rollup": "dist/bin/rollup"
      },
      "engines": {
        "node": ">=18.0.0",
        "npm": ">=8.0.0"
      },
      "optionalDependencies": {
        "@rollup/rollup-android-arm-eabi": "4.5.2",
        "@rollup/rollup-android-arm64": "4.5.2",
        "@rollup/rollup-darwin-arm64": "4.5.2",
        "@rollup/rollup-darwin-x64": "4.5.2",
        "@rollup/rollup-linux-arm-gnueabihf": "4.5.2",
        "@rollup/rollup-linux-arm64-gnu": "4.5.2",
        "@rollup/rollup-linux-arm64-musl": "4.5.2",
        "@rollup/rollup-linux-x64-gnu": "4.5.2",
        "@rollup/rollup-linux-x64-musl": "4.5.2",
        "@rollup/rollup-win32-arm64-msvc": "4.5.2",
        "@rollup/rollup-win32-ia32-msvc": "4.5.2",
        "@rollup/rollup-win32-x64-msvc": "4.5.2",
        "fsevents": "~2.3.2"
      }
    },
    "node_modules/siginfo": {
      "version": "2.0.0",
      "dev": true,
      "license": "ISC"
    },
    "node_modules/source-map": {
      "version": "0.6.1",
      "dev": true,
      "license": "BSD-3-Clause",
      "engines": {
        "node": ">=0.10.0"
      }
    },
    "node_modules/source-map-js": {
      "version": "1.0.2",
      "dev": true,
      "license": "BSD-3-Clause",
      "engines": {
        "node": ">=0.10.0"
      }
    },
    "node_modules/stackback": {
      "version": "0.0.2",
      "dev": true,
      "license": "MIT"
    },
    "node_modules/std-env": {
      "version": "3.5.0",
      "dev": true,
      "license": "MIT"
    },
    "node_modules/strip-literal": {
      "version": "1.3.0",
      "dev": true,
      "license": "MIT",
      "dependencies": {
        "acorn": "^8.10.0"
      },
      "funding": {
        "url": "https://github.com/sponsors/antfu"
      }
    },
    "node_modules/supports-color": {
      "version": "7.2.0",
      "dev": true,
      "license": "MIT",
      "dependencies": {
        "has-flag": "^4.0.0"
      },
      "engines": {
        "node": ">=8"
      }
    },
    "node_modules/test-exclude": {
      "version": "6.0.0",
      "dev": true,
      "license": "ISC",
      "dependencies": {
        "@istanbuljs/schema": "^0.1.2",
        "glob": "^7.1.4",
        "minimatch": "^3.0.4"
      },
      "engines": {
        "node": ">=8"
      }
    },
    "node_modules/tinybench": {
      "version": "2.5.1",
      "dev": true,
      "license": "MIT"
    },
    "node_modules/tinypool": {
      "version": "0.7.0",
      "dev": true,
      "license": "MIT",
      "engines": {
        "node": ">=14.0.0"
      }
    },
    "node_modules/tinyspy": {
      "version": "2.2.0",
      "dev": true,
      "license": "MIT",
      "engines": {
        "node": ">=14.0.0"
      }
    },
    "node_modules/type-detect": {
      "version": "4.0.8",
      "license": "MIT",
      "engines": {
        "node": ">=4"
      }
    },
    "node_modules/typescript": {
      "version": "5.3.2",
      "dev": true,
      "license": "Apache-2.0",
      "bin": {
        "tsc": "bin/tsc",
        "tsserver": "bin/tsserver"
      },
      "engines": {
        "node": ">=14.17"
      }
    },
    "node_modules/ufo": {
      "version": "1.3.2",
      "dev": true,
      "license": "MIT"
    },
    "node_modules/uri-js": {
      "version": "4.4.1",
      "license": "BSD-2-Clause",
      "dependencies": {
        "punycode": "^2.1.0"
      }
    },
    "node_modules/v8-to-istanbul": {
      "version": "9.1.3",
      "dev": true,
      "license": "ISC",
      "dependencies": {
        "@jridgewell/trace-mapping": "^0.3.12",
        "@types/istanbul-lib-coverage": "^2.0.1",
        "convert-source-map": "^2.0.0"
      },
      "engines": {
        "node": ">=10.12.0"
      }
    },
    "node_modules/vite": {
      "version": "5.0.2",
      "dev": true,
      "license": "MIT",
      "dependencies": {
        "esbuild": "^0.19.3",
        "postcss": "^8.4.31",
        "rollup": "^4.2.0"
      },
      "bin": {
        "vite": "bin/vite.js"
      },
      "engines": {
        "node": "^18.0.0 || >=20.0.0"
      },
      "funding": {
        "url": "https://github.com/vitejs/vite?sponsor=1"
      },
      "optionalDependencies": {
        "fsevents": "~2.3.3"
      },
      "peerDependencies": {
        "@types/node": "^18.0.0 || >=20.0.0",
        "less": "*",
        "lightningcss": "^1.21.0",
        "sass": "*",
        "stylus": "*",
        "sugarss": "*",
        "terser": "^5.4.0"
      },
      "peerDependenciesMeta": {
        "@types/node": {
          "optional": true
        },
        "less": {
          "optional": true
        },
        "lightningcss": {
          "optional": true
        },
        "sass": {
          "optional": true
        },
        "stylus": {
          "optional": true
        },
        "sugarss": {
          "optional": true
        },
        "terser": {
          "optional": true
        }
      }
    },
    "node_modules/vite-node": {
      "version": "0.34.6",
      "dev": true,
      "license": "MIT",
      "dependencies": {
        "cac": "^6.7.14",
        "debug": "^4.3.4",
        "mlly": "^1.4.0",
        "pathe": "^1.1.1",
        "picocolors": "^1.0.0",
        "vite": "^3.0.0 || ^4.0.0 || ^5.0.0-0"
      },
      "bin": {
        "vite-node": "vite-node.mjs"
      },
      "engines": {
        "node": ">=v14.18.0"
      },
      "funding": {
        "url": "https://opencollective.com/vitest"
      }
    },
    "node_modules/vitest": {
      "version": "0.34.6",
      "dev": true,
      "license": "MIT",
      "dependencies": {
        "@types/chai": "^4.3.5",
        "@types/chai-subset": "^1.3.3",
        "@types/node": "*",
        "@vitest/expect": "0.34.6",
        "@vitest/runner": "0.34.6",
        "@vitest/snapshot": "0.34.6",
        "@vitest/spy": "0.34.6",
        "@vitest/utils": "0.34.6",
        "acorn": "^8.9.0",
        "acorn-walk": "^8.2.0",
        "cac": "^6.7.14",
        "chai": "^4.3.10",
        "debug": "^4.3.4",
        "local-pkg": "^0.4.3",
        "magic-string": "^0.30.1",
        "pathe": "^1.1.1",
        "picocolors": "^1.0.0",
        "std-env": "^3.3.3",
        "strip-literal": "^1.0.1",
        "tinybench": "^2.5.0",
        "tinypool": "^0.7.0",
        "vite": "^3.1.0 || ^4.0.0 || ^5.0.0-0",
        "vite-node": "0.34.6",
        "why-is-node-running": "^2.2.2"
      },
      "bin": {
        "vitest": "vitest.mjs"
      },
      "engines": {
        "node": ">=v14.18.0"
      },
      "funding": {
        "url": "https://opencollective.com/vitest"
      },
      "peerDependencies": {
        "@edge-runtime/vm": "*",
        "@vitest/browser": "*",
        "@vitest/ui": "*",
        "happy-dom": "*",
        "jsdom": "*",
        "playwright": "*",
        "safaridriver": "*",
        "webdriverio": "*"
      },
      "peerDependenciesMeta": {
        "@edge-runtime/vm": {
          "optional": true
        },
        "@vitest/browser": {
          "optional": true
        },
        "@vitest/ui": {
          "optional": true
        },
        "happy-dom": {
          "optional": true
        },
        "jsdom": {
          "optional": true
        },
        "playwright": {
          "optional": true
        },
        "safaridriver": {
          "optional": true
        },
        "webdriverio": {
          "optional": true
        }
      }
    },
    "node_modules/why-is-node-running": {
      "version": "2.2.2",
      "dev": true,
      "license": "MIT",
      "dependencies": {
        "siginfo": "^2.0.0",
        "stackback": "0.0.2"
      },
      "bin": {
        "why-is-node-running": "cli.js"
      },
      "engines": {
        "node": ">=8"
      }
    },
    "node_modules/wrappy": {
      "version": "1.0.2",
      "dev": true,
      "license": "ISC"
    },
    "node_modules/yallist": {
      "version": "4.0.0",
      "dev": true,
      "license": "ISC"
    }
  }
}
